
Microsoft Visual Studio Solution File, Format Version 12.00
# Visual Studio Version 16
VisualStudioVersion = 16.0.31005.135
MinimumVisualStudioVersion = 10.0.40219.1
Project("{9A19103F-16F7-4668-BE54-9A1E7A4F7556}") = "Nibo.Web", "Nibo.Web\Nibo.Web.csproj", "{6B4A1CB1-4422-4D1A-9BB5-905CC254884A}"
EndProject
Project("{9A19103F-16F7-4668-BE54-9A1E7A4F7556}") = "Nibo.Domain", "Nibo.Domain\Nibo.Domain.csproj", "{E624A8CA-53BB-413F-937D-DFB802763992}"
EndProject
Project("{9A19103F-16F7-4668-BE54-9A1E7A4F7556}") = "Nibo.Tests", "Nibo.Tests\Nibo.Tests.csproj", "{6E42C1C6-E5BC-4F90-86CC-493BF05F484F}"
EndProject
Project("{FAE04EC0-301F-11D3-BF4B-00C04F79EFBC}") = "Nibo.Infra", "Nibo.Infra\Nibo.Infra.csproj", "{BE229F85-959F-4601-9A92-9E30C859B866}"
EndProject
Global
	GlobalSection(SolutionConfigurationPlatforms) = preSolution
		Debug|Any CPU = Debug|Any CPU
		Release|Any CPU = Release|Any CPU
	EndGlobalSection
	GlobalSection(ProjectConfigurationPlatforms) = postSolution
		{6B4A1CB1-4422-4D1A-9BB5-905CC254884A}.Debug|Any CPU.ActiveCfg = Debug|Any CPU
		{6B4A1CB1-4422-4D1A-9BB5-905CC254884A}.Debug|Any CPU.Build.0 = Debug|Any CPU
		{6B4A1CB1-4422-4D1A-9BB5-905CC254884A}.Release|Any CPU.ActiveCfg = Release|Any CPU
		{6B4A1CB1-4422-4D1A-9BB5-905CC254884A}.Release|Any CPU.Build.0 = Release|Any CPU
		{E624A8CA-53BB-413F-937D-DFB802763992}.Debug|Any CPU.ActiveCfg = Debug|Any CPU
		{E624A8CA-53BB-413F-937D-DFB802763992}.Debug|Any CPU.Build.0 = Debug|Any CPU
		{E624A8CA-53BB-413F-937D-DFB802763992}.Release|Any CPU.ActiveCfg = Release|Any CPU
		{E624A8CA-53BB-413F-937D-DFB802763992}.Release|Any CPU.Build.0 = Release|Any CPU
		{6E42C1C6-E5BC-4F90-86CC-493BF05F484F}.Debug|Any CPU.ActiveCfg = Debug|Any CPU
		{6E42C1C6-E5BC-4F90-86CC-493BF05F484F}.Debug|Any CPU.Build.0 = Debug|Any CPU
		{6E42C1C6-E5BC-4F90-86CC-493BF05F484F}.Release|Any CPU.ActiveCfg = Release|Any CPU
		{6E42C1C6-E5BC-4F90-86CC-493BF05F484F}.Release|Any CPU.Build.0 = Release|Any CPU
		{BE229F85-959F-4601-9A92-9E30C859B866}.Debug|Any CPU.ActiveCfg = Debug|Any CPU
		{BE229F85-959F-4601-9A92-9E30C859B866}.Debug|Any CPU.Build.0 = Debug|Any CPU
		{BE229F85-959F-4601-9A92-9E30C859B866}.Release|Any CPU.ActiveCfg = Release|Any CPU
		{BE229F85-959F-4601-9A92-9E30C859B866}.Release|Any CPU.Build.0 = Release|Any CPU
	EndGlobalSection
	GlobalSection(SolutionProperties) = preSolution
		HideSolutionNode = FALSE
	EndGlobalSection
	GlobalSection(ExtensibilityGlobals) = postSolution
		SolutionGuid = {62B197FA-22B4-4F83-AC55-0AE87AE2FBDC}
	EndGlobalSection
EndGlobal
